
Microsoft Visual Studio Solution File, Format Version 12.00
# Visual Studio Version 16
VisualStudioVersion = 16.0.29806.167
MinimumVisualStudioVersion = 10.0.40219.1
Project("{00D1A9C2-B5F0-4AF3-8072-F6C62B433612}") = "SCDC_Databases", "SCDC_Databases.sqlproj", "{7151D45F-8E15-4474-B744-795B6F211E26}"
EndProject
Global
	GlobalSection(SolutionConfigurationPlatforms) = preSolution
		Debug|Any CPU = Debug|Any CPU
		Release|Any CPU = Release|Any CPU
	EndGlobalSection
	GlobalSection(ProjectConfigurationPlatforms) = postSolution
		{7151D45F-8E15-4474-B744-795B6F211E26}.Debug|Any CPU.ActiveCfg = Debug|Any CPU
		{7151D45F-8E15-4474-B744-795B6F211E26}.Debug|Any CPU.Build.0 = Debug|Any CPU
		{7151D45F-8E15-4474-B744-795B6F211E26}.Debug|Any CPU.Deploy.0 = Debug|Any CPU
		{7151D45F-8E15-4474-B744-795B6F211E26}.Release|Any CPU.ActiveCfg = Release|Any CPU
		{7151D45F-8E15-4474-B744-795B6F211E26}.Release|Any CPU.Build.0 = Release|Any CPU
		{7151D45F-8E15-4474-B744-795B6F211E26}.Release|Any CPU.Deploy.0 = Release|Any CPU
	EndGlobalSection
	GlobalSection(SolutionProperties) = preSolution
		HideSolutionNode = FALSE
	EndGlobalSection
	GlobalSection(ExtensibilityGlobals) = postSolution
		SolutionGuid = {4CFBCB92-C0CE-4F66-945E-4E2336DFA04B}
	EndGlobalSection
EndGlobal
